
Microsoft Visual Studio Solution File, Format Version 12.00
# Visual Studio Version 16
VisualStudioVersion = 16.0.29709.97
MinimumVisualStudioVersion = 10.0.40219.1
Project("{FAE04EC0-301F-11D3-BF4B-00C04F79EFBC}") = "P01_EscreverArquivos", "P01_EscreverArquivos\P01_EscreverArquivos.csproj", "{E6D71FC2-8BD3-4D44-8AD7-35040F11A837}"
EndProject
Project("{FAE04EC0-301F-11D3-BF4B-00C04F79EFBC}") = "S02_LerArquivo", "S02_LerArquivo\S02_LerArquivo.csproj", "{FA441415-6F3D-4702-9973-A4B81A3490BF}"
EndProject
Project("{FAE04EC0-301F-11D3-BF4B-00C04F79EFBC}") = "P03_EscreverArquivoComUsing", "P03_EscreverArquivoComUsing\P03_EscreverArquivoComUsing.csproj", "{60B66EAE-2853-4F33-9005-33A02896464A}"
EndProject
Global
	GlobalSection(SolutionConfigurationPlatforms) = preSolution
		Debug|Any CPU = Debug|Any CPU
		Release|Any CPU = Release|Any CPU
	EndGlobalSection
	GlobalSection(ProjectConfigurationPlatforms) = postSolution
		{E6D71FC2-8BD3-4D44-8AD7-35040F11A837}.Debug|Any CPU.ActiveCfg = Debug|Any CPU
		{E6D71FC2-8BD3-4D44-8AD7-35040F11A837}.Debug|Any CPU.Build.0 = Debug|Any CPU
		{E6D71FC2-8BD3-4D44-8AD7-35040F11A837}.Release|Any CPU.ActiveCfg = Release|Any CPU
		{E6D71FC2-8BD3-4D44-8AD7-35040F11A837}.Release|Any CPU.Build.0 = Release|Any CPU
		{FA441415-6F3D-4702-9973-A4B81A3490BF}.Debug|Any CPU.ActiveCfg = Debug|Any CPU
		{FA441415-6F3D-4702-9973-A4B81A3490BF}.Debug|Any CPU.Build.0 = Debug|Any CPU
		{FA441415-6F3D-4702-9973-A4B81A3490BF}.Release|Any CPU.ActiveCfg = Release|Any CPU
		{FA441415-6F3D-4702-9973-A4B81A3490BF}.Release|Any CPU.Build.0 = Release|Any CPU
		{60B66EAE-2853-4F33-9005-33A02896464A}.Debug|Any CPU.ActiveCfg = Debug|Any CPU
		{60B66EAE-2853-4F33-9005-33A02896464A}.Debug|Any CPU.Build.0 = Debug|Any CPU
		{60B66EAE-2853-4F33-9005-33A02896464A}.Release|Any CPU.ActiveCfg = Release|Any CPU
		{60B66EAE-2853-4F33-9005-33A02896464A}.Release|Any CPU.Build.0 = Release|Any CPU
	EndGlobalSection
	GlobalSection(SolutionProperties) = preSolution
		HideSolutionNode = FALSE
	EndGlobalSection
	GlobalSection(ExtensibilityGlobals) = postSolution
		SolutionGuid = {2FE7D21E-29E1-4FAE-9947-ABB43B7DC5C3}
	EndGlobalSection
EndGlobal
