
Microsoft Visual Studio Solution File, Format Version 12.00
# Visual Studio Version 16
VisualStudioVersion = 16.0.29613.14
MinimumVisualStudioVersion = 10.0.40219.1
Project("{FAE04EC0-301F-11D3-BF4B-00C04F79EFBC}") = "P01_ModoDebugRelease", "Exception\P01_ModoDebugRelease.csproj", "{361007E4-6CC8-494A-BD0D-6302DEA795B2}"
EndProject
Project("{FAE04EC0-301F-11D3-BF4B-00C04F79EFBC}") = "P02_Exception", "P02_Exception\P02_Exception.csproj", "{900DFF21-537D-4FE0-9876-90BC9B2A2266}"
EndProject
Global
	GlobalSection(SolutionConfigurationPlatforms) = preSolution
		Debug|Any CPU = Debug|Any CPU
		Release|Any CPU = Release|Any CPU
	EndGlobalSection
	GlobalSection(ProjectConfigurationPlatforms) = postSolution
		{361007E4-6CC8-494A-BD0D-6302DEA795B2}.Debug|Any CPU.ActiveCfg = Debug|Any CPU
		{361007E4-6CC8-494A-BD0D-6302DEA795B2}.Debug|Any CPU.Build.0 = Debug|Any CPU
		{361007E4-6CC8-494A-BD0D-6302DEA795B2}.Release|Any CPU.ActiveCfg = Release|Any CPU
		{361007E4-6CC8-494A-BD0D-6302DEA795B2}.Release|Any CPU.Build.0 = Release|Any CPU
		{900DFF21-537D-4FE0-9876-90BC9B2A2266}.Debug|Any CPU.ActiveCfg = Debug|Any CPU
		{900DFF21-537D-4FE0-9876-90BC9B2A2266}.Debug|Any CPU.Build.0 = Debug|Any CPU
		{900DFF21-537D-4FE0-9876-90BC9B2A2266}.Release|Any CPU.ActiveCfg = Release|Any CPU
		{900DFF21-537D-4FE0-9876-90BC9B2A2266}.Release|Any CPU.Build.0 = Release|Any CPU
	EndGlobalSection
	GlobalSection(SolutionProperties) = preSolution
		HideSolutionNode = FALSE
	EndGlobalSection
	GlobalSection(ExtensibilityGlobals) = postSolution
		SolutionGuid = {5F3FAF94-F923-4E90-B6D8-E2F317D69E1D}
	EndGlobalSection
EndGlobal
