
Microsoft Visual Studio Solution File, Format Version 12.00
# Visual Studio Version 16
VisualStudioVersion = 16.0.29613.14
MinimumVisualStudioVersion = 10.0.40219.1
Project("{FAE04EC0-301F-11D3-BF4B-00C04F79EFBC}") = "MinhasTarefasAPI", "MinhasTarefasAPI\MinhasTarefasAPI.csproj", "{7E79B5DF-7D56-4A77-92C5-1C9E2F604999}"
EndProject
Global
	GlobalSection(SolutionConfigurationPlatforms) = preSolution
		Debug|Any CPU = Debug|Any CPU
		Release|Any CPU = Release|Any CPU
	EndGlobalSection
	GlobalSection(ProjectConfigurationPlatforms) = postSolution
		{7E79B5DF-7D56-4A77-92C5-1C9E2F604999}.Debug|Any CPU.ActiveCfg = Debug|Any CPU
		{7E79B5DF-7D56-4A77-92C5-1C9E2F604999}.Debug|Any CPU.Build.0 = Debug|Any CPU
		{7E79B5DF-7D56-4A77-92C5-1C9E2F604999}.Release|Any CPU.ActiveCfg = Release|Any CPU
		{7E79B5DF-7D56-4A77-92C5-1C9E2F604999}.Release|Any CPU.Build.0 = Release|Any CPU
	EndGlobalSection
	GlobalSection(SolutionProperties) = preSolution
		HideSolutionNode = FALSE
	EndGlobalSection
	GlobalSection(ExtensibilityGlobals) = postSolution
		SolutionGuid = {874F960D-AA32-475C-8CF8-7ABCA62AB271}
	EndGlobalSection
EndGlobal
