
Microsoft Visual Studio Solution File, Format Version 12.00
# Visual Studio Version 16
VisualStudioVersion = 16.0.29613.14
MinimumVisualStudioVersion = 10.0.40219.1
Project("{9A19103F-16F7-4668-BE54-9A1E7A4F7556}") = "TalkToApi", "TalkToApi\TalkToApi.csproj", "{049AEA3A-D697-45CC-81FB-FB418146176A}"
EndProject
Project("{FAE04EC0-301F-11D3-BF4B-00C04F79EFBC}") = "TalkToWeb", "TalkToWeb\TalkToWeb.csproj", "{A3939CB5-B0B7-4FFA-833A-23BDC1505605}"
EndProject
Global
	GlobalSection(SolutionConfigurationPlatforms) = preSolution
		Debug|Any CPU = Debug|Any CPU
		Release|Any CPU = Release|Any CPU
	EndGlobalSection
	GlobalSection(ProjectConfigurationPlatforms) = postSolution
		{049AEA3A-D697-45CC-81FB-FB418146176A}.Debug|Any CPU.ActiveCfg = Debug|Any CPU
		{049AEA3A-D697-45CC-81FB-FB418146176A}.Debug|Any CPU.Build.0 = Debug|Any CPU
		{049AEA3A-D697-45CC-81FB-FB418146176A}.Release|Any CPU.ActiveCfg = Release|Any CPU
		{049AEA3A-D697-45CC-81FB-FB418146176A}.Release|Any CPU.Build.0 = Release|Any CPU
		{A3939CB5-B0B7-4FFA-833A-23BDC1505605}.Debug|Any CPU.ActiveCfg = Debug|Any CPU
		{A3939CB5-B0B7-4FFA-833A-23BDC1505605}.Debug|Any CPU.Build.0 = Debug|Any CPU
		{A3939CB5-B0B7-4FFA-833A-23BDC1505605}.Release|Any CPU.ActiveCfg = Release|Any CPU
		{A3939CB5-B0B7-4FFA-833A-23BDC1505605}.Release|Any CPU.Build.0 = Release|Any CPU
	EndGlobalSection
	GlobalSection(SolutionProperties) = preSolution
		HideSolutionNode = FALSE
	EndGlobalSection
	GlobalSection(ExtensibilityGlobals) = postSolution
		SolutionGuid = {BE7E460A-EDCA-4F16-8D76-514DFC7EE05C}
	EndGlobalSection
EndGlobal
