
Microsoft Visual Studio Solution File, Format Version 12.00
# Visual Studio Version 16
VisualStudioVersion = 16.0.29709.97
MinimumVisualStudioVersion = 10.0.40219.1
Project("{9A19103F-16F7-4668-BE54-9A1E7A4F7556}") = "P01_Thread", "P01_Thread\P01_Thread.csproj", "{DA0C3EC4-E0B4-4EEF-8268-38CA8E388FC9}"
EndProject
Project("{FAE04EC0-301F-11D3-BF4B-00C04F79EFBC}") = "P02_MultiThread", "P02_MultiThread\P02_MultiThread.csproj", "{99D43B65-C5D2-4DBE-B25C-1A6582692F21}"
EndProject
Project("{FAE04EC0-301F-11D3-BF4B-00C04F79EFBC}") = "P03_ThreadBackground", "P03_ThreadBackground\P03_ThreadBackground.csproj", "{E1426AC4-9A8C-4AA6-BFAF-510540C4D07C}"
EndProject
Project("{FAE04EC0-301F-11D3-BF4B-00C04F79EFBC}") = "P04_ThreadAutoReset", "P04_ThreadAutoReset\P04_ThreadAutoReset.csproj", "{5B875A70-F58E-4E2E-A9A0-C2B68027E606}"
EndProject
Global
	GlobalSection(SolutionConfigurationPlatforms) = preSolution
		Debug|Any CPU = Debug|Any CPU
		Release|Any CPU = Release|Any CPU
	EndGlobalSection
	GlobalSection(ProjectConfigurationPlatforms) = postSolution
		{DA0C3EC4-E0B4-4EEF-8268-38CA8E388FC9}.Debug|Any CPU.ActiveCfg = Debug|Any CPU
		{DA0C3EC4-E0B4-4EEF-8268-38CA8E388FC9}.Debug|Any CPU.Build.0 = Debug|Any CPU
		{DA0C3EC4-E0B4-4EEF-8268-38CA8E388FC9}.Release|Any CPU.ActiveCfg = Release|Any CPU
		{DA0C3EC4-E0B4-4EEF-8268-38CA8E388FC9}.Release|Any CPU.Build.0 = Release|Any CPU
		{99D43B65-C5D2-4DBE-B25C-1A6582692F21}.Debug|Any CPU.ActiveCfg = Debug|Any CPU
		{99D43B65-C5D2-4DBE-B25C-1A6582692F21}.Debug|Any CPU.Build.0 = Debug|Any CPU
		{99D43B65-C5D2-4DBE-B25C-1A6582692F21}.Release|Any CPU.ActiveCfg = Release|Any CPU
		{99D43B65-C5D2-4DBE-B25C-1A6582692F21}.Release|Any CPU.Build.0 = Release|Any CPU
		{E1426AC4-9A8C-4AA6-BFAF-510540C4D07C}.Debug|Any CPU.ActiveCfg = Debug|Any CPU
		{E1426AC4-9A8C-4AA6-BFAF-510540C4D07C}.Debug|Any CPU.Build.0 = Debug|Any CPU
		{E1426AC4-9A8C-4AA6-BFAF-510540C4D07C}.Release|Any CPU.ActiveCfg = Release|Any CPU
		{E1426AC4-9A8C-4AA6-BFAF-510540C4D07C}.Release|Any CPU.Build.0 = Release|Any CPU
		{5B875A70-F58E-4E2E-A9A0-C2B68027E606}.Debug|Any CPU.ActiveCfg = Debug|Any CPU
		{5B875A70-F58E-4E2E-A9A0-C2B68027E606}.Debug|Any CPU.Build.0 = Debug|Any CPU
		{5B875A70-F58E-4E2E-A9A0-C2B68027E606}.Release|Any CPU.ActiveCfg = Release|Any CPU
		{5B875A70-F58E-4E2E-A9A0-C2B68027E606}.Release|Any CPU.Build.0 = Release|Any CPU
	EndGlobalSection
	GlobalSection(SolutionProperties) = preSolution
		HideSolutionNode = FALSE
	EndGlobalSection
	GlobalSection(ExtensibilityGlobals) = postSolution
		SolutionGuid = {D6D5E08F-B805-4870-9183-0C75D8FD76C2}
	EndGlobalSection
EndGlobal
